
Microsoft Visual Studio Solution File, Format Version 12.00
# Visual Studio Version 17
VisualStudioVersion = 17.12.35527.113
MinimumVisualStudioVersion = 10.0.40219.1
Project("{FAE04EC0-301F-11D3-BF4B-00C04F79EFBC}") = "MainApp", "MainApp\MainApp.csproj", "{74C3093D-A281-480E-BAFF-F75B359AB20C}"
EndProject
Project("{FAE04EC0-301F-11D3-BF4B-00C04F79EFBC}") = "Business", "Business\Business.csproj", "{A8F582A4-4B95-4951-A034-A95CF8BCA3BD}"
EndProject
Project("{FAE04EC0-301F-11D3-BF4B-00C04F79EFBC}") = "Business.Tests", "Business.Tests\Business.Tests.csproj", "{65D89CA3-76E5-4CAC-A7B9-B376BAC5AC0F}"
EndProject
Global
	GlobalSection(SolutionConfigurationPlatforms) = preSolution
		Debug|Any CPU = Debug|Any CPU
		Release|Any CPU = Release|Any CPU
	EndGlobalSection
	GlobalSection(ProjectConfigurationPlatforms) = postSolution
		{74C3093D-A281-480E-BAFF-F75B359AB20C}.Debug|Any CPU.ActiveCfg = Debug|Any CPU
		{74C3093D-A281-480E-BAFF-F75B359AB20C}.Debug|Any CPU.Build.0 = Debug|Any CPU
		{74C3093D-A281-480E-BAFF-F75B359AB20C}.Release|Any CPU.ActiveCfg = Release|Any CPU
		{74C3093D-A281-480E-BAFF-F75B359AB20C}.Release|Any CPU.Build.0 = Release|Any CPU
		{A8F582A4-4B95-4951-A034-A95CF8BCA3BD}.Debug|Any CPU.ActiveCfg = Debug|Any CPU
		{A8F582A4-4B95-4951-A034-A95CF8BCA3BD}.Debug|Any CPU.Build.0 = Debug|Any CPU
		{A8F582A4-4B95-4951-A034-A95CF8BCA3BD}.Release|Any CPU.ActiveCfg = Release|Any CPU
		{A8F582A4-4B95-4951-A034-A95CF8BCA3BD}.Release|Any CPU.Build.0 = Release|Any CPU
		{65D89CA3-76E5-4CAC-A7B9-B376BAC5AC0F}.Debug|Any CPU.ActiveCfg = Debug|Any CPU
		{65D89CA3-76E5-4CAC-A7B9-B376BAC5AC0F}.Debug|Any CPU.Build.0 = Debug|Any CPU
		{65D89CA3-76E5-4CAC-A7B9-B376BAC5AC0F}.Release|Any CPU.ActiveCfg = Release|Any CPU
		{65D89CA3-76E5-4CAC-A7B9-B376BAC5AC0F}.Release|Any CPU.Build.0 = Release|Any CPU
	EndGlobalSection
	GlobalSection(SolutionProperties) = preSolution
		HideSolutionNode = FALSE
	EndGlobalSection
EndGlobal
